
Microsoft Visual Studio Solution File, Format Version 12.00
Project("{FAE04EC0-301F-11D3-BF4B-00C04F79EFBC}") = "alquimista22", "alquimista22\alquimista22.csproj", "{8B704E0C-66FE-4D7A-99A4-CA26A738EEFE}"
EndProject
Global
	GlobalSection(SolutionConfigurationPlatforms) = preSolution
		Debug|Any CPU = Debug|Any CPU
		Release|Any CPU = Release|Any CPU
	EndGlobalSection
	GlobalSection(ProjectConfigurationPlatforms) = postSolution
		{8B704E0C-66FE-4D7A-99A4-CA26A738EEFE}.Debug|Any CPU.ActiveCfg = Debug|Any CPU
		{8B704E0C-66FE-4D7A-99A4-CA26A738EEFE}.Debug|Any CPU.Build.0 = Debug|Any CPU
		{8B704E0C-66FE-4D7A-99A4-CA26A738EEFE}.Release|Any CPU.ActiveCfg = Release|Any CPU
		{8B704E0C-66FE-4D7A-99A4-CA26A738EEFE}.Release|Any CPU.Build.0 = Release|Any CPU
	EndGlobalSection
EndGlobal
